// !$*UTF8*$!
{
	archiveVersion = 1;
	classes = {
	};
	objectVersion = 50;
	objects = {

/* Begin PBXBuildFile section */
		3B8A87F426F348F700479DD4 /* ValueConfigurar.swift in Sources */ = {isa = PBXBuildFile; fileRef = 3B8A87F326F348F700479DD4 /* ValueConfigurar.swift */; };
		3B8A87F626F34AD300479DD4 /* SliderViewController.swift in Sources */ = {isa = PBXBuildFile; fileRef = 3B8A87F526F34AD300479DD4 /* SliderViewController.swift */; };
		3BA1785626F8202C00358851 /* Memo.swift in Sources */ = {isa = PBXBuildFile; fileRef = 3BA1785526F8202C00358851 /* Memo.swift */; };
		3BA1785F26F82C4300358851 /* first.storyboard in Resources */ = {isa = PBXBuildFile; fileRef = 3BA1785D26F82C4300358851 /* first.storyboard */; };
		3BA1786126F82C6100358851 /* second.storyboard in Resources */ = {isa = PBXBuildFile; fileRef = 3BA1786026F82C6100358851 /* second.storyboard */; };
		3BA1786926F82F5800358851 /* Exericise_08Tests.swift in Sources */ = {isa = PBXBuildFile; fileRef = 3BA1786826F82F5800358851 /* Exericise_08Tests.swift */; };
		3BA1787526F87AF400358851 /* TabBarViewController.swift in Sources */ = {isa = PBXBuildFile; fileRef = 3BA1787426F87AF400358851 /* TabBarViewController.swift */; };
		3BE2616A26C3B74B00F785E1 /* AppDelegate.swift in Sources */ = {isa = PBXBuildFile; fileRef = 3BE2616926C3B74B00F785E1 /* AppDelegate.swift */; };
		3BE2616C26C3B74B00F785E1 /* SceneDelegate.swift in Sources */ = {isa = PBXBuildFile; fileRef = 3BE2616B26C3B74B00F785E1 /* SceneDelegate.swift */; };
		3BE2617126C3B74B00F785E1 /* Main.storyboard in Resources */ = {isa = PBXBuildFile; fileRef = 3BE2616F26C3B74B00F785E1 /* Main.storyboard */; };
		3BE2617326C3B74D00F785E1 /* Assets.xcassets in Resources */ = {isa = PBXBuildFile; fileRef = 3BE2617226C3B74D00F785E1 /* Assets.xcassets */; };
		3BE2617626C3B74D00F785E1 /* LaunchScreen.storyboard in Resources */ = {isa = PBXBuildFile; fileRef = 3BE2617426C3B74D00F785E1 /* LaunchScreen.storyboard */; };
/* End PBXBuildFile section */

/* Begin PBXContainerItemProxy section */
		3BA1786B26F82F5800358851 /* PBXContainerItemProxy */ = {
			isa = PBXContainerItemProxy;
			containerPortal = 3BE2615E26C3B74B00F785E1 /* Project object */;
			proxyType = 1;
			remoteGlobalIDString = 3BE2616526C3B74B00F785E1;
			remoteInfo = Exericise_08;
		};
/* End PBXContainerItemProxy section */

/* Begin PBXFileReference section */
		3B8A87F326F348F700479DD4 /* ValueConfigurar.swift */ = {isa = PBXFileReference; lastKnownFileType = sourcecode.swift; path = ValueConfigurar.swift; sourceTree = "<group>"; };
		3B8A87F526F34AD300479DD4 /* SliderViewController.swift */ = {isa = PBXFileReference; lastKnownFileType = sourcecode.swift; path = SliderViewController.swift; sourceTree = "<group>"; };
		3BA1785526F8202C00358851 /* Memo.swift */ = {isa = PBXFileReference; lastKnownFileType = sourcecode.swift; path = Memo.swift; sourceTree = "<group>"; };
		3BA1785E26F82C4300358851 /* Base */ = {isa = PBXFileReference; lastKnownFileType = file.storyboard; name = Base; path = Exericise_08/Base.lproj/first.storyboard; sourceTree = SOURCE_ROOT; };
		3BA1786026F82C6100358851 /* second.storyboard */ = {isa = PBXFileReference; fileEncoding = 4; lastKnownFileType = file.storyboard; path = second.storyboard; sourceTree = SOURCE_ROOT; };
		3BA1786626F82F5800358851 /* Exericise_08Tests.xctest */ = {isa = PBXFileReference; explicitFileType = wrapper.cfbundle; includeInIndex = 0; path = Exericise_08Tests.xctest; sourceTree = BUILT_PRODUCTS_DIR; };
		3BA1786826F82F5800358851 /* Exericise_08Tests.swift */ = {isa = PBXFileReference; lastKnownFileType = sourcecode.swift; path = Exericise_08Tests.swift; sourceTree = "<group>"; };
		3BA1786A26F82F5800358851 /* Info.plist */ = {isa = PBXFileReference; lastKnownFileType = text.plist.xml; path = Info.plist; sourceTree = "<group>"; };
		3BA1787426F87AF400358851 /* TabBarViewController.swift */ = {isa = PBXFileReference; lastKnownFileType = sourcecode.swift; path = TabBarViewController.swift; sourceTree = "<group>"; };
		3BE2616626C3B74B00F785E1 /* Exericise_08.app */ = {isa = PBXFileReference; explicitFileType = wrapper.application; includeInIndex = 0; path = Exericise_08.app; sourceTree = BUILT_PRODUCTS_DIR; };
		3BE2616926C3B74B00F785E1 /* AppDelegate.swift */ = {isa = PBXFileReference; lastKnownFileType = sourcecode.swift; path = AppDelegate.swift; sourceTree = "<group>"; };
		3BE2616B26C3B74B00F785E1 /* SceneDelegate.swift */ = {isa = PBXFileReference; lastKnownFileType = sourcecode.swift; path = SceneDelegate.swift; sourceTree = "<group>"; };
		3BE2617026C3B74B00F785E1 /* Base */ = {isa = PBXFileReference; lastKnownFileType = file.storyboard; name = Base; path = Base.lproj/Main.storyboard; sourceTree = "<group>"; };
		3BE2617226C3B74D00F785E1 /* Assets.xcassets */ = {isa = PBXFileReference; lastKnownFileType = folder.assetcatalog; path = Assets.xcassets; sourceTree = "<group>"; };
		3BE2617526C3B74D00F785E1 /* Base */ = {isa = PBXFileReference; lastKnownFileType = file.storyboard; name = Base; path = Base.lproj/LaunchScreen.storyboard; sourceTree = "<group>"; };
		3BE2617726C3B74D00F785E1 /* Info.plist */ = {isa = PBXFileReference; lastKnownFileType = text.plist.xml; path = Info.plist; sourceTree = "<group>"; };
/* End PBXFileReference section */

/* Begin PBXFrameworksBuildPhase section */
		3BA1786326F82F5800358851 /* Frameworks */ = {
			isa = PBXFrameworksBuildPhase;
			buildActionMask = 2147483647;
			files = (
			);
			runOnlyForDeploymentPostprocessing = 0;
		};
		3BE2616326C3B74B00F785E1 /* Frameworks */ = {
			isa = PBXFrameworksBuildPhase;
			buildActionMask = 2147483647;
			files = (
			);
			runOnlyForDeploymentPostprocessing = 0;
		};
/* End PBXFrameworksBuildPhase section */

/* Begin PBXGroup section */
		3BA1785926F82BAB00358851 /* Model */ = {
			isa = PBXGroup;
			children = (
				3B8A87F326F348F700479DD4 /* ValueConfigurar.swift */,
			);
			path = Model;
			sourceTree = "<group>";
		};
		3BA1785A26F82BB700358851 /* View */ = {
			isa = PBXGroup;
			children = (
				3BA1785C26F82BF700358851 /* Storyboard */,
			);
			path = View;
			sourceTree = "<group>";
		};
		3BA1785B26F82BBD00358851 /* Controller */ = {
			isa = PBXGroup;
			children = (
				3B8A87F526F34AD300479DD4 /* SliderViewController.swift */,
			);
			path = Controller;
			sourceTree = "<group>";
		};
		3BA1785C26F82BF700358851 /* Storyboard */ = {
			isa = PBXGroup;
			children = (
				3BA1786026F82C6100358851 /* second.storyboard */,
				3BA1785D26F82C4300358851 /* first.storyboard */,
			);
			path = Storyboard;
			sourceTree = "<group>";
		};
		3BA1786726F82F5800358851 /* Exericise_08Tests */ = {
			isa = PBXGroup;
			children = (
				3BA1786826F82F5800358851 /* Exericise_08Tests.swift */,
				3BA1786A26F82F5800358851 /* Info.plist */,
			);
			path = Exericise_08Tests;
			sourceTree = "<group>";
		};
		3BE2615D26C3B74B00F785E1 = {
			isa = PBXGroup;
			children = (
				3BE2616826C3B74B00F785E1 /* Exericise_08 */,
				3BA1786726F82F5800358851 /* Exericise_08Tests */,
				3BE2616726C3B74B00F785E1 /* Products */,
			);
			sourceTree = "<group>";
		};
		3BE2616726C3B74B00F785E1 /* Products */ = {
			isa = PBXGroup;
			children = (
				3BE2616626C3B74B00F785E1 /* Exericise_08.app */,
				3BA1786626F82F5800358851 /* Exericise_08Tests.xctest */,
			);
			name = Products;
			sourceTree = "<group>";
		};
		3BE2616826C3B74B00F785E1 /* Exericise_08 */ = {
			isa = PBXGroup;
			children = (
				3BA1785926F82BAB00358851 /* Model */,
				3BA1785A26F82BB700358851 /* View */,
				3BA1785B26F82BBD00358851 /* Controller */,
				3BA1785526F8202C00358851 /* Memo.swift */,
				3BE2616926C3B74B00F785E1 /* AppDelegate.swift */,
				3BE2616B26C3B74B00F785E1 /* SceneDelegate.swift */,
				3BE2616F26C3B74B00F785E1 /* Main.storyboard */,
				3BE2617426C3B74D00F785E1 /* LaunchScreen.storyboard */,
				3BE2617226C3B74D00F785E1 /* Assets.xcassets */,
				3BE2617726C3B74D00F785E1 /* Info.plist */,
				3BA1787426F87AF400358851 /* TabBarViewController.swift */,
			);
			path = Exericise_08;
			sourceTree = "<group>";
		};
/* End PBXGroup section */

/* Begin PBXNativeTarget section */
		3BA1786526F82F5800358851 /* Exericise_08Tests */ = {
			isa = PBXNativeTarget;
			buildConfigurationList = 3BA1786D26F82F5800358851 /* Build configuration list for PBXNativeTarget "Exericise_08Tests" */;
			buildPhases = (
				3BA1786226F82F5800358851 /* Sources */,
				3BA1786326F82F5800358851 /* Frameworks */,
				3BA1786426F82F5800358851 /* Resources */,
			);
			buildRules = (
			);
			dependencies = (
				3BA1786C26F82F5800358851 /* PBXTargetDependency */,
			);
			name = Exericise_08Tests;
			productName = Exericise_08Tests;
			productReference = 3BA1786626F82F5800358851 /* Exericise_08Tests.xctest */;
			productType = "com.apple.product-type.bundle.unit-test";
		};
		3BE2616526C3B74B00F785E1 /* Exericise_08 */ = {
			isa = PBXNativeTarget;
			buildConfigurationList = 3BE2617A26C3B74D00F785E1 /* Build configuration list for PBXNativeTarget "Exericise_08" */;
			buildPhases = (
				3BE2616226C3B74B00F785E1 /* Sources */,
				3BE2616326C3B74B00F785E1 /* Frameworks */,
				3BE2616426C3B74B00F785E1 /* Resources */,
				3BA1785826F824A400358851 /* ShellScript */,
			);
			buildRules = (
			);
			dependencies = (
			);
			name = Exericise_08;
			productName = Exericise_08;
			productReference = 3BE2616626C3B74B00F785E1 /* Exericise_08.app */;
			productType = "com.apple.product-type.application";
		};
/* End PBXNativeTarget section */

/* Begin PBXProject section */
		3BE2615E26C3B74B00F785E1 /* Project object */ = {
			isa = PBXProject;
			attributes = {
				LastSwiftUpdateCheck = 1250;
				LastUpgradeCheck = 1250;
				TargetAttributes = {
					3BA1786526F82F5800358851 = {
						CreatedOnToolsVersion = 12.5;
						TestTargetID = 3BE2616526C3B74B00F785E1;
					};
					3BE2616526C3B74B00F785E1 = {
						CreatedOnToolsVersion = 12.5;
					};
				};
			};
			buildConfigurationList = 3BE2616126C3B74B00F785E1 /* Build configuration list for PBXProject "Exericise_08" */;
			compatibilityVersion = "Xcode 9.3";
			developmentRegion = en;
			hasScannedForEncodings = 0;
			knownRegions = (
				en,
				Base,
			);
			mainGroup = 3BE2615D26C3B74B00F785E1;
			productRefGroup = 3BE2616726C3B74B00F785E1 /* Products */;
			projectDirPath = "";
			projectRoot = "";
			targets = (
				3BE2616526C3B74B00F785E1 /* Exericise_08 */,
				3BA1786526F82F5800358851 /* Exericise_08Tests */,
			);
		};
/* End PBXProject section */

/* Begin PBXResourcesBuildPhase section */
		3BA1786426F82F5800358851 /* Resources */ = {
			isa = PBXResourcesBuildPhase;
			buildActionMask = 2147483647;
			files = (
			);
			runOnlyForDeploymentPostprocessing = 0;
		};
		3BE2616426C3B74B00F785E1 /* Resources */ = {
			isa = PBXResourcesBuildPhase;
			buildActionMask = 2147483647;
			files = (
				3BE2617626C3B74D00F785E1 /* LaunchScreen.storyboard in Resources */,
				3BE2617326C3B74D00F785E1 /* Assets.xcassets in Resources */,
				3BE2617126C3B74B00F785E1 /* Main.storyboard in Resources */,
				3BA1786126F82C6100358851 /* second.storyboard in Resources */,
				3BA1785F26F82C4300358851 /* first.storyboard in Resources */,
			);
			runOnlyForDeploymentPostprocessing = 0;
		};
/* End PBXResourcesBuildPhase section */

/* Begin PBXShellScriptBuildPhase section */
		3BA1785826F824A400358851 /* ShellScript */ = {
			isa = PBXShellScriptBuildPhase;
			buildActionMask = 2147483647;
			files = (
			);
			inputFileListPaths = (
			);
			inputPaths = (
			);
			outputFileListPaths = (
			);
			outputPaths = (
			);
			runOnlyForDeploymentPostprocessing = 0;
			shellPath = /bin/sh;
			shellScript = "if which swiftlint >/dev/null; then\nswiftlint\nelse\n  echo \"SwiftLint does not exist, download from https://github.com/realm/SwiftLint\"\nfi\n";
		};
/* End PBXShellScriptBuildPhase section */

/* Begin PBXSourcesBuildPhase section */
		3BA1786226F82F5800358851 /* Sources */ = {
			isa = PBXSourcesBuildPhase;
			buildActionMask = 2147483647;
			files = (
				3BA1786926F82F5800358851 /* Exericise_08Tests.swift in Sources */,
			);
			runOnlyForDeploymentPostprocessing = 0;
		};
		3BE2616226C3B74B00F785E1 /* Sources */ = {
			isa = PBXSourcesBuildPhase;
			buildActionMask = 2147483647;
			files = (
				3B8A87F426F348F700479DD4 /* ValueConfigurar.swift in Sources */,
				3B8A87F626F34AD300479DD4 /* SliderViewController.swift in Sources */,
				3BE2616A26C3B74B00F785E1 /* AppDelegate.swift in Sources */,
				3BE2616C26C3B74B00F785E1 /* SceneDelegate.swift in Sources */,
				3BA1787526F87AF400358851 /* TabBarViewController.swift in Sources */,
				3BA1785626F8202C00358851 /* Memo.swift in Sources */,
			);
			runOnlyForDeploymentPostprocessing = 0;
		};
/* End PBXSourcesBuildPhase section */

/* Begin PBXTargetDependency section */
		3BA1786C26F82F5800358851 /* PBXTargetDependency */ = {
			isa = PBXTargetDependency;
			target = 3BE2616526C3B74B00F785E1 /* Exericise_08 */;
			targetProxy = 3BA1786B26F82F5800358851 /* PBXContainerItemProxy */;
		};
/* End PBXTargetDependency section */

/* Begin PBXVariantGroup section */
		3BA1785D26F82C4300358851 /* first.storyboard */ = {
			isa = PBXVariantGroup;
			children = (
				3BA1785E26F82C4300358851 /* Base */,
			);
			name = first.storyboard;
			sourceTree = "<group>";
		};
		3BE2616F26C3B74B00F785E1 /* Main.storyboard */ = {
			isa = PBXVariantGroup;
			children = (
				3BE2617026C3B74B00F785E1 /* Base */,
			);
			name = Main.storyboard;
			sourceTree = "<group>";
		};
		3BE2617426C3B74D00F785E1 /* LaunchScreen.storyboard */ = {
			isa = PBXVariantGroup;
			children = (
				3BE2617526C3B74D00F785E1 /* Base */,
			);
			name = LaunchScreen.storyboard;
			sourceTree = "<group>";
		};
/* End PBXVariantGroup section */

/* Begin XCBuildConfiguration section */
		3BA1786E26F82F5800358851 /* Debug */ = {
			isa = XCBuildConfiguration;
			buildSettings = {
				BUNDLE_LOADER = "$(TEST_HOST)";
				CODE_SIGN_STYLE = Automatic;
				DEVELOPMENT_TEAM = MP9J987NN4;
				INFOPLIST_FILE = Exericise_08Tests/Info.plist;
				LD_RUNPATH_SEARCH_PATHS = (
					"$(inherited)",
					"@executable_path/Frameworks",
					"@loader_path/Frameworks",
				);
				PRODUCT_BUNDLE_IDENTIFIER = "shiraishi1990.h-com.gmail.Exericise-08Tests";
				PRODUCT_NAME = "$(TARGET_NAME)";
				SWIFT_VERSION = 5.0;
				TARGETED_DEVICE_FAMILY = "1,2";
				TEST_HOST = "$(BUILT_PRODUCTS_DIR)/Exericise_08.app/Exericise_08";
			};
			name = Debug;
		};
		3BA1786F26F82F5800358851 /* Release */ = {
			isa = XCBuildConfiguration;
			buildSettings = {
				BUNDLE_LOADER = "$(TEST_HOST)";
				CODE_SIGN_STYLE = Automatic;
				DEVELOPMENT_TEAM = MP9J987NN4;
				INFOPLIST_FILE = Exericise_08Tests/Info.plist;
				LD_RUNPATH_SEARCH_PATHS = (
					"$(inherited)",
					"@executable_path/Frameworks",
					"@loader_path/Frameworks",
				);
				PRODUCT_BUNDLE_IDENTIFIER = "shiraishi1990.h-com.gmail.Exericise-08Tests";
				PRODUCT_NAME = "$(TARGET_NAME)";
				SWIFT_VERSION = 5.0;
				TARGETED_DEVICE_FAMILY = "1,2";
				TEST_HOST = "$(BUILT_PRODUCTS_DIR)/Exericise_08.app/Exericise_08";
			};
			name = Release;
		};
		3BE2617826C3B74D00F785E1 /* Debug */ = {
			isa = XCBuildConfiguration;
			buildSettings = {
				ALWAYS_SEARCH_USER_PATHS = NO;
				CLANG_ANALYZER_NONNULL = YES;
				CLANG_ANALYZER_NUMBER_OBJECT_CONVERSION = YES_AGGRESSIVE;
				CLANG_CXX_LANGUAGE_STANDARD = "gnu++14";
				CLANG_CXX_LIBRARY = "libc++";
				CLANG_ENABLE_MODULES = YES;
				CLANG_ENABLE_OBJC_ARC = YES;
				CLANG_ENABLE_OBJC_WEAK = YES;
				CLANG_WARN_BLOCK_CAPTURE_AUTORELEASING = YES;
				CLANG_WARN_BOOL_CONVERSION = YES;
				CLANG_WARN_COMMA = YES;
				CLANG_WARN_CONSTANT_CONVERSION = YES;
				CLANG_WARN_DEPRECATED_OBJC_IMPLEMENTATIONS = YES;
				CLANG_WARN_DIRECT_OBJC_ISA_USAGE = YES_ERROR;
				CLANG_WARN_DOCUMENTATION_COMMENTS = YES;
				CLANG_WARN_EMPTY_BODY = YES;
				CLANG_WARN_ENUM_CONVERSION = YES;
				CLANG_WARN_INFINITE_RECURSION = YES;
				CLANG_WARN_INT_CONVERSION = YES;
				CLANG_WARN_NON_LITERAL_NULL_CONVERSION = YES;
				CLANG_WARN_OBJC_IMPLICIT_RETAIN_SELF = YES;
				CLANG_WARN_OBJC_LITERAL_CONVERSION = YES;
				CLANG_WARN_OBJC_ROOT_CLASS = YES_ERROR;
				CLANG_WARN_QUOTED_INCLUDE_IN_FRAMEWORK_HEADER = YES;
				CLANG_WARN_RANGE_LOOP_ANALYSIS = YES;
				CLANG_WARN_STRICT_PROTOTYPES = YES;
				CLANG_WARN_SUSPICIOUS_MOVE = YES;
				CLANG_WARN_UNGUARDED_AVAILABILITY = YES_AGGRESSIVE;
				CLANG_WARN_UNREACHABLE_CODE = YES;
				CLANG_WARN__DUPLICATE_METHOD_MATCH = YES;
				COPY_PHASE_STRIP = NO;
				DEBUG_INFORMATION_FORMAT = dwarf;
				ENABLE_STRICT_OBJC_MSGSEND = YES;
				ENABLE_TESTABILITY = YES;
				GCC_C_LANGUAGE_STANDARD = gnu11;
				GCC_DYNAMIC_NO_PIC = NO;
				GCC_NO_COMMON_BLOCKS = YES;
				GCC_OPTIMIZATION_LEVEL = 0;
				GCC_PREPROCESSOR_DEFINITIONS = (
					"DEBUG=1",
					"$(inherited)",
				);
				GCC_WARN_64_TO_32_BIT_CONVERSION = YES;
				GCC_WARN_ABOUT_RETURN_TYPE = YES_ERROR;
				GCC_WARN_UNDECLARED_SELECTOR = YES;
				GCC_WARN_UNINITIALIZED_AUTOS = YES_AGGRESSIVE;
				GCC_WARN_UNUSED_FUNCTION = YES;
				GCC_WARN_UNUSED_VARIABLE = YES;
				IPHONEOS_DEPLOYMENT_TARGET = 14.5;
				MTL_ENABLE_DEBUG_INFO = INCLUDE_SOURCE;
				MTL_FAST_MATH = YES;
				ONLY_ACTIVE_ARCH = YES;
				SDKROOT = iphoneos;
				SWIFT_ACTIVE_COMPILATION_CONDITIONS = DEBUG;
				SWIFT_OPTIMIZATION_LEVEL = "-Onone";
			};
			name = Debug;
		};
		3BE2617926C3B74D00F785E1 /* Release */ = {
			isa = XCBuildConfiguration;
			buildSettings = {
				ALWAYS_SEARCH_USER_PATHS = NO;
				CLANG_ANALYZER_NONNULL = YES;
				CLANG_ANALYZER_NUMBER_OBJECT_CONVERSION = YES_AGGRESSIVE;
				CLANG_CXX_LANGUAGE_STANDARD = "gnu++14";
				CLANG_CXX_LIBRARY = "libc++";
				CLANG_ENABLE_MODULES = YES;
				CLANG_ENABLE_OBJC_ARC = YES;
				CLANG_ENABLE_OBJC_WEAK = YES;
				CLANG_WARN_BLOCK_CAPTURE_AUTORELEASING = YES;
				CLANG_WARN_BOOL_CONVERSION = YES;
				CLANG_WARN_COMMA = YES;
				CLANG_WARN_CONSTANT_CONVERSION = YES;
				CLANG_WARN_DEPRECATED_OBJC_IMPLEMENTATIONS = YES;
				CLANG_WARN_DIRECT_OBJC_ISA_USAGE = YES_ERROR;
				CLANG_WARN_DOCUMENTATION_COMMENTS = YES;
				CLANG_WARN_EMPTY_BODY = YES;
				CLANG_WARN_ENUM_CONVERSION = YES;
				CLANG_WARN_INFINITE_RECURSION = YES;
				CLANG_WARN_INT_CONVERSION = YES;
				CLANG_WARN_NON_LITERAL_NULL_CONVERSION = YES;
				CLANG_WARN_OBJC_IMPLICIT_RETAIN_SELF = YES;
				CLANG_WARN_OBJC_LITERAL_CONVERSION = YES;
				CLANG_WARN_OBJC_ROOT_CLASS = YES_ERROR;
				CLANG_WARN_QUOTED_INCLUDE_IN_FRAMEWORK_HEADER = YES;
				CLANG_WARN_RANGE_LOOP_ANALYSIS = YES;
				CLANG_WARN_STRICT_PROTOTYPES = YES;
				CLANG_WARN_SUSPICIOUS_MOVE = YES;
				CLANG_WARN_UNGUARDED_AVAILABILITY = YES_AGGRESSIVE;
				CLANG_WARN_UNREACHABLE_CODE = YES;
				CLANG_WARN__DUPLICATE_METHOD_MATCH = YES;
				COPY_PHASE_STRIP = NO;
				DEBUG_INFORMATION_FORMAT = "dwarf-with-dsym";
				ENABLE_NS_ASSERTIONS = NO;
				ENABLE_STRICT_OBJC_MSGSEND = YES;
				GCC_C_LANGUAGE_STANDARD = gnu11;
				GCC_NO_COMMON_BLOCKS = YES;
				GCC_WARN_64_TO_32_BIT_CONVERSION = YES;
				GCC_WARN_ABOUT_RETURN_TYPE = YES_ERROR;
				GCC_WARN_UNDECLARED_SELECTOR = YES;
				GCC_WARN_UNINITIALIZED_AUTOS = YES_AGGRESSIVE;
				GCC_WARN_UNUSED_FUNCTION = YES;
				GCC_WARN_UNUSED_VARIABLE = YES;
				IPHONEOS_DEPLOYMENT_TARGET = 14.5;
				MTL_ENABLE_DEBUG_INFO = NO;
				MTL_FAST_MATH = YES;
				SDKROOT = iphoneos;
				SWIFT_COMPILATION_MODE = wholemodule;
				SWIFT_OPTIMIZATION_LEVEL = "-O";
				VALIDATE_PRODUCT = YES;
			};
			name = Release;
		};
		3BE2617B26C3B74D00F785E1 /* Debug */ = {
			isa = XCBuildConfiguration;
			buildSettings = {
				ASSETCATALOG_COMPILER_APPICON_NAME = AppIcon;
				ASSETCATALOG_COMPILER_GLOBAL_ACCENT_COLOR_NAME = AccentColor;
				CODE_SIGN_STYLE = Automatic;
				DEVELOPMENT_TEAM = MP9J987NN4;
				INFOPLIST_FILE = Exericise_08/Info.plist;
				LD_RUNPATH_SEARCH_PATHS = (
					"$(inherited)",
					"@executable_path/Frameworks",
				);
				PRODUCT_BUNDLE_IDENTIFIER = "shiraishi1990.h-com.gmail.Exericise-08";
				PRODUCT_NAME = "$(TARGET_NAME)";
				SWIFT_VERSION = 5.0;
				TARGETED_DEVICE_FAMILY = "1,2";
			};
			name = Debug;
		};
		3BE2617C26C3B74D00F785E1 /* Release */ = {
			isa = XCBuildConfiguration;
			buildSettings = {
				ASSETCATALOG_COMPILER_APPICON_NAME = AppIcon;
				ASSETCATALOG_COMPILER_GLOBAL_ACCENT_COLOR_NAME = AccentColor;
				CODE_SIGN_STYLE = Automatic;
				DEVELOPMENT_TEAM = MP9J987NN4;
				INFOPLIST_FILE = Exericise_08/Info.plist;
				LD_RUNPATH_SEARCH_PATHS = (
					"$(inherited)",
					"@executable_path/Frameworks",
				);
				PRODUCT_BUNDLE_IDENTIFIER = "shiraishi1990.h-com.gmail.Exericise-08";
				PRODUCT_NAME = "$(TARGET_NAME)";
				SWIFT_VERSION = 5.0;
				TARGETED_DEVICE_FAMILY = "1,2";
			};
			name = Release;
		};
/* End XCBuildConfiguration section */

/* Begin XCConfigurationList section */
		3BA1786D26F82F5800358851 /* Build configuration list for PBXNativeTarget "Exericise_08Tests" */ = {
			isa = XCConfigurationList;
			buildConfigurations = (
				3BA1786E26F82F5800358851 /* Debug */,
				3BA1786F26F82F5800358851 /* Release */,
			);
			defaultConfigurationIsVisible = 0;
			defaultConfigurationName = Release;
		};
		3BE2616126C3B74B00F785E1 /* Build configuration list for PBXProject "Exericise_08" */ = {
			isa = XCConfigurationList;
			buildConfigurations = (
				3BE2617826C3B74D00F785E1 /* Debug */,
				3BE2617926C3B74D00F785E1 /* Release */,
			);
			defaultConfigurationIsVisible = 0;
			defaultConfigurationName = Release;
		};
		3BE2617A26C3B74D00F785E1 /* Build configuration list for PBXNativeTarget "Exericise_08" */ = {
			isa = XCConfigurationList;
			buildConfigurations = (
				3BE2617B26C3B74D00F785E1 /* Debug */,
				3BE2617C26C3B74D00F785E1 /* Release */,
			);
			defaultConfigurationIsVisible = 0;
			defaultConfigurationName = Release;
		};
/* End XCConfigurationList section */
	};
	rootObject = 3BE2615E26C3B74B00F785E1 /* Project object */;
}
